
Microsoft Visual Studio Solution File, Format Version 12.00
# Visual Studio Version 17
VisualStudioVersion = 17.3.32825.248
MinimumVisualStudioVersion = 10.0.40219.1
Project("{FAE04EC0-301F-11D3-BF4B-00C04F79EFBC}") = "HesapMakinesi", "HesapMakinesi\HesapMakinesi.csproj", "{AFF89F25-7F6C-43A1-8268-5F0DA85BF971}"
EndProject
Global
	GlobalSection(SolutionConfigurationPlatforms) = preSolution
		Debug|Any CPU = Debug|Any CPU
		Release|Any CPU = Release|Any CPU
	EndGlobalSection
	GlobalSection(ProjectConfigurationPlatforms) = postSolution
		{AFF89F25-7F6C-43A1-8268-5F0DA85BF971}.Debug|Any CPU.ActiveCfg = Debug|Any CPU
		{AFF89F25-7F6C-43A1-8268-5F0DA85BF971}.Debug|Any CPU.Build.0 = Debug|Any CPU
		{AFF89F25-7F6C-43A1-8268-5F0DA85BF971}.Release|Any CPU.ActiveCfg = Release|Any CPU
		{AFF89F25-7F6C-43A1-8268-5F0DA85BF971}.Release|Any CPU.Build.0 = Release|Any CPU
	EndGlobalSection
	GlobalSection(SolutionProperties) = preSolution
		HideSolutionNode = FALSE
	EndGlobalSection
	GlobalSection(ExtensibilityGlobals) = postSolution
		SolutionGuid = {A5E54CB4-522F-4461-9971-E55FEEC4B791}
	EndGlobalSection
EndGlobal
